
Microsoft Visual Studio Solution File, Format Version 12.00
# Visual Studio 15
VisualStudioVersion = 15.0.27130.2027
MinimumVisualStudioVersion = 10.0.40219.1
Project("{FAE04EC0-301F-11D3-BF4B-00C04F79EFBC}") = "Bolt.Addons.Community.Math", "Bolt.Addons.Community.Math\Bolt.Addons.Community.Math.csproj", "{59392204-C9FC-49CD-917E-2478A7CAA965}"
EndProject
Project("{FAE04EC0-301F-11D3-BF4B-00C04F79EFBC}") = "Bolt.Addons.Community.Logic", "Bolt.Addons.Community.Logic\Bolt.Addons.Community.Logic.csproj", "{95C04C12-BC86-42A2-9A38-21AA9B64D3FE}"
EndProject
Project("{2150E333-8FDC-42A3-9474-1A3956D46DE8}") = "LASM", "LASM", "{72195403-8613-44B0-A456-A68908D1BCBD}"
EndProject
Project("{FAE04EC0-301F-11D3-BF4B-00C04F79EFBC}") = "Lasm.BoltAddons.BinaryEncryption", "Lasm.BoltAddons.BinaryEncryption\Lasm.BoltAddons.BinaryEncryption.csproj", "{4312C20C-BB60-43B2-925A-BB7AA7948D78}"
EndProject
Project("{FAE04EC0-301F-11D3-BF4B-00C04F79EFBC}") = "Lasm.BoltAddons.BinaryEncryption.Editor", "Lasm.BoltAddons.BinaryEncryption.Editor\Lasm.BoltAddons.BinaryEncryption.Editor.csproj", "{A37E5516-730C-40F7-A3CB-7D2CA6A90F5D}"
EndProject
Project("{FAE04EC0-301F-11D3-BF4B-00C04F79EFBC}") = "Lasm.BoltAddons.Comments", "Lasm.BoltAddons.Comments\Lasm.BoltAddons.Comments.csproj", "{C7FA2FB0-ACD3-4957-A653-979AFADC3145}"
EndProject
Project("{FAE04EC0-301F-11D3-BF4B-00C04F79EFBC}") = "Lasm.BoltAddons.Comments.Editor", "Lasm.BoltAddons.Comments.Editor\Lasm.BoltAddons.Comments.Editor.csproj", "{38CBFE70-F11F-4F16-8E20-9926F8FC5AD3}"
EndProject
Project("{FAE04EC0-301F-11D3-BF4B-00C04F79EFBC}") = "Lasm.BoltAddons.Helpers", "Lasm.BoltAddons.Helpers\Lasm.BoltAddons.Helpers.csproj", "{D4FEE35B-EE5C-4533-8E35-C136CF77A1B1}"
EndProject
Project("{FAE04EC0-301F-11D3-BF4B-00C04F79EFBC}") = "Lasm.BoltAddons.Database", "Lasm.BoltAddons.List2D\Lasm.BoltAddons.Database.csproj", "{CB739D29-8FB4-409D-93A3-1B06B17651ED}"
EndProject
Project("{FAE04EC0-301F-11D3-BF4B-00C04F79EFBC}") = "Lasm.BoltAddons.DatabaseDescriptors", "Lasm.BoltAddons.List2DDescriptors\Lasm.BoltAddons.DatabaseDescriptors.csproj", "{8B5801D2-8C51-4FB5-AEAD-F7C8477AFD10}"
EndProject
Project("{FAE04EC0-301F-11D3-BF4B-00C04F79EFBC}") = "Lasm.BoltAddons.UnitTools.Events", "Lasm.BoltAddons.UnitTools.Events\Lasm.BoltAddons.UnitTools.Events.csproj", "{C2037975-DA8B-4CB7-AFBC-288C4223301A}"
EndProject
Project("{FAE04EC0-301F-11D3-BF4B-00C04F79EFBC}") = "Lasm.BoltAddons.UnitTools.FlowControl", "Lasm.BoltAddons.UnitTools.FlowControl\Lasm.BoltAddons.UnitTools.FlowControl.csproj", "{7656AC25-19E3-487A-851B-20E262950C33}"
EndProject
Project("{FAE04EC0-301F-11D3-BF4B-00C04F79EFBC}") = "Lasm.BoltAddons.UnitTools.FlowControl.Editor", "Lasm.BoltAddons.UnitTools.FlowControl.Editor\Lasm.BoltAddons.UnitTools.FlowControl.Editor.csproj", "{34B696DE-6557-4513-800F-FADEA3195D85}"
EndProject
Project("{FAE04EC0-301F-11D3-BF4B-00C04F79EFBC}") = "Lasm.BoltAddons.VariableTags", "Lasm.BoltAddons.VariableTags\Lasm.BoltAddons.VariableTags.csproj", "{E3FFEDFA-83B3-422A-8A04-1E4A646FB6F0}"
EndProject
Project("{FAE04EC0-301F-11D3-BF4B-00C04F79EFBC}") = "Lasm.BoltAddons.VariableTags.Editor", "Lasm.BoltAddons.VariableTags.Editor\Lasm.BoltAddons.VariableTags.Editor.csproj", "{8B5D9A7E-24CE-45DB-A8C0-FBE20C622212}"
EndProject
Project("{FAE04EC0-301F-11D3-BF4B-00C04F79EFBC}") = "Lasm.Core.Collections", "Lasm.Core.Collections\Lasm.Core.Collections.csproj", "{80529EB4-3514-4661-B3F4-1BE7532B0D44}"
EndProject
Project("{FAE04EC0-301F-11D3-BF4B-00C04F79EFBC}") = "Bolt.Addons.Community.Variables", "Bolt.Addons.Community.Variables\Bolt.Addons.Community.Variables.csproj", "{2FD5F2B8-19B5-4778-B4CB-076A270BA7B7}"
EndProject
Global
	GlobalSection(SolutionConfigurationPlatforms) = preSolution
		Debug|Any CPU = Debug|Any CPU
		Release_1.2.3|Any CPU = Release_1.2.3|Any CPU
		Release_1.3.0|Any CPU = Release_1.3.0|Any CPU
		Release|Any CPU = Release|Any CPU
	EndGlobalSection
	GlobalSection(ProjectConfigurationPlatforms) = postSolution
		{59392204-C9FC-49CD-917E-2478A7CAA965}.Debug|Any CPU.ActiveCfg = Debug|Any CPU
		{59392204-C9FC-49CD-917E-2478A7CAA965}.Debug|Any CPU.Build.0 = Debug|Any CPU
		{59392204-C9FC-49CD-917E-2478A7CAA965}.Release_1.2.3|Any CPU.ActiveCfg = Release_1.2.3|Any CPU
		{59392204-C9FC-49CD-917E-2478A7CAA965}.Release_1.2.3|Any CPU.Build.0 = Release_1.2.3|Any CPU
		{59392204-C9FC-49CD-917E-2478A7CAA965}.Release_1.3.0|Any CPU.ActiveCfg = Release_1.3.0|Any CPU
		{59392204-C9FC-49CD-917E-2478A7CAA965}.Release_1.3.0|Any CPU.Build.0 = Release_1.3.0|Any CPU
		{59392204-C9FC-49CD-917E-2478A7CAA965}.Release|Any CPU.ActiveCfg = Release|Any CPU
		{59392204-C9FC-49CD-917E-2478A7CAA965}.Release|Any CPU.Build.0 = Release|Any CPU
		{95C04C12-BC86-42A2-9A38-21AA9B64D3FE}.Debug|Any CPU.ActiveCfg = Debug|Any CPU
		{95C04C12-BC86-42A2-9A38-21AA9B64D3FE}.Debug|Any CPU.Build.0 = Debug|Any CPU
		{95C04C12-BC86-42A2-9A38-21AA9B64D3FE}.Release_1.2.3|Any CPU.ActiveCfg = Release_1.2.3|Any CPU
		{95C04C12-BC86-42A2-9A38-21AA9B64D3FE}.Release_1.2.3|Any CPU.Build.0 = Release_1.2.3|Any CPU
		{95C04C12-BC86-42A2-9A38-21AA9B64D3FE}.Release_1.3.0|Any CPU.ActiveCfg = Release_1.3.0|Any CPU
		{95C04C12-BC86-42A2-9A38-21AA9B64D3FE}.Release_1.3.0|Any CPU.Build.0 = Release_1.3.0|Any CPU
		{95C04C12-BC86-42A2-9A38-21AA9B64D3FE}.Release|Any CPU.ActiveCfg = Release|Any CPU
		{95C04C12-BC86-42A2-9A38-21AA9B64D3FE}.Release|Any CPU.Build.0 = Release|Any CPU
		{4312C20C-BB60-43B2-925A-BB7AA7948D78}.Debug|Any CPU.ActiveCfg = Debug|Any CPU
		{4312C20C-BB60-43B2-925A-BB7AA7948D78}.Debug|Any CPU.Build.0 = Debug|Any CPU
		{4312C20C-BB60-43B2-925A-BB7AA7948D78}.Release_1.2.3|Any CPU.ActiveCfg = Release|Any CPU
		{4312C20C-BB60-43B2-925A-BB7AA7948D78}.Release_1.3.0|Any CPU.ActiveCfg = Release|Any CPU
		{4312C20C-BB60-43B2-925A-BB7AA7948D78}.Release|Any CPU.ActiveCfg = Release|Any CPU
		{4312C20C-BB60-43B2-925A-BB7AA7948D78}.Release|Any CPU.Build.0 = Release|Any CPU
		{A37E5516-730C-40F7-A3CB-7D2CA6A90F5D}.Debug|Any CPU.ActiveCfg = Debug|Any CPU
		{A37E5516-730C-40F7-A3CB-7D2CA6A90F5D}.Debug|Any CPU.Build.0 = Debug|Any CPU
		{A37E5516-730C-40F7-A3CB-7D2CA6A90F5D}.Release_1.2.3|Any CPU.ActiveCfg = Release|Any CPU
		{A37E5516-730C-40F7-A3CB-7D2CA6A90F5D}.Release_1.3.0|Any CPU.ActiveCfg = Release|Any CPU
		{A37E5516-730C-40F7-A3CB-7D2CA6A90F5D}.Release|Any CPU.ActiveCfg = Release|Any CPU
		{A37E5516-730C-40F7-A3CB-7D2CA6A90F5D}.Release|Any CPU.Build.0 = Release|Any CPU
		{C7FA2FB0-ACD3-4957-A653-979AFADC3145}.Debug|Any CPU.ActiveCfg = Debug|Any CPU
		{C7FA2FB0-ACD3-4957-A653-979AFADC3145}.Debug|Any CPU.Build.0 = Debug|Any CPU
		{C7FA2FB0-ACD3-4957-A653-979AFADC3145}.Release_1.2.3|Any CPU.ActiveCfg = Release_1.3.0|Any CPU
		{C7FA2FB0-ACD3-4957-A653-979AFADC3145}.Release_1.3.0|Any CPU.ActiveCfg = Release_1.3.0|Any CPU
		{C7FA2FB0-ACD3-4957-A653-979AFADC3145}.Release_1.3.0|Any CPU.Build.0 = Release_1.3.0|Any CPU
		{C7FA2FB0-ACD3-4957-A653-979AFADC3145}.Release|Any CPU.ActiveCfg = Release|Any CPU
		{C7FA2FB0-ACD3-4957-A653-979AFADC3145}.Release|Any CPU.Build.0 = Release|Any CPU
		{38CBFE70-F11F-4F16-8E20-9926F8FC5AD3}.Debug|Any CPU.ActiveCfg = Debug|Any CPU
		{38CBFE70-F11F-4F16-8E20-9926F8FC5AD3}.Debug|Any CPU.Build.0 = Debug|Any CPU
		{38CBFE70-F11F-4F16-8E20-9926F8FC5AD3}.Release_1.2.3|Any CPU.ActiveCfg = Release|Any CPU
		{38CBFE70-F11F-4F16-8E20-9926F8FC5AD3}.Release_1.3.0|Any CPU.ActiveCfg = Release|Any CPU
		{38CBFE70-F11F-4F16-8E20-9926F8FC5AD3}.Release|Any CPU.ActiveCfg = Release|Any CPU
		{38CBFE70-F11F-4F16-8E20-9926F8FC5AD3}.Release|Any CPU.Build.0 = Release|Any CPU
		{D4FEE35B-EE5C-4533-8E35-C136CF77A1B1}.Debug|Any CPU.ActiveCfg = Debug|Any CPU
		{D4FEE35B-EE5C-4533-8E35-C136CF77A1B1}.Debug|Any CPU.Build.0 = Debug|Any CPU
		{D4FEE35B-EE5C-4533-8E35-C136CF77A1B1}.Release_1.2.3|Any CPU.ActiveCfg = Release|Any CPU
		{D4FEE35B-EE5C-4533-8E35-C136CF77A1B1}.Release_1.3.0|Any CPU.ActiveCfg = Release|Any CPU
		{D4FEE35B-EE5C-4533-8E35-C136CF77A1B1}.Release|Any CPU.ActiveCfg = Release|Any CPU
		{D4FEE35B-EE5C-4533-8E35-C136CF77A1B1}.Release|Any CPU.Build.0 = Release|Any CPU
		{CB739D29-8FB4-409D-93A3-1B06B17651ED}.Debug|Any CPU.ActiveCfg = Debug|Any CPU
		{CB739D29-8FB4-409D-93A3-1B06B17651ED}.Debug|Any CPU.Build.0 = Debug|Any CPU
		{CB739D29-8FB4-409D-93A3-1B06B17651ED}.Release_1.2.3|Any CPU.ActiveCfg = Release|Any CPU
		{CB739D29-8FB4-409D-93A3-1B06B17651ED}.Release_1.3.0|Any CPU.ActiveCfg = Release|Any CPU
		{CB739D29-8FB4-409D-93A3-1B06B17651ED}.Release|Any CPU.ActiveCfg = Release|Any CPU
		{CB739D29-8FB4-409D-93A3-1B06B17651ED}.Release|Any CPU.Build.0 = Release|Any CPU
		{8B5801D2-8C51-4FB5-AEAD-F7C8477AFD10}.Debug|Any CPU.ActiveCfg = Debug|Any CPU
		{8B5801D2-8C51-4FB5-AEAD-F7C8477AFD10}.Debug|Any CPU.Build.0 = Debug|Any CPU
		{8B5801D2-8C51-4FB5-AEAD-F7C8477AFD10}.Release_1.2.3|Any CPU.ActiveCfg = Release|Any CPU
		{8B5801D2-8C51-4FB5-AEAD-F7C8477AFD10}.Release_1.3.0|Any CPU.ActiveCfg = Release|Any CPU
		{8B5801D2-8C51-4FB5-AEAD-F7C8477AFD10}.Release|Any CPU.ActiveCfg = Release|Any CPU
		{8B5801D2-8C51-4FB5-AEAD-F7C8477AFD10}.Release|Any CPU.Build.0 = Release|Any CPU
		{C2037975-DA8B-4CB7-AFBC-288C4223301A}.Debug|Any CPU.ActiveCfg = Debug|Any CPU
		{C2037975-DA8B-4CB7-AFBC-288C4223301A}.Debug|Any CPU.Build.0 = Debug|Any CPU
		{C2037975-DA8B-4CB7-AFBC-288C4223301A}.Release_1.2.3|Any CPU.ActiveCfg = Release|Any CPU
		{C2037975-DA8B-4CB7-AFBC-288C4223301A}.Release_1.3.0|Any CPU.ActiveCfg = Release|Any CPU
		{C2037975-DA8B-4CB7-AFBC-288C4223301A}.Release|Any CPU.ActiveCfg = Release|Any CPU
		{C2037975-DA8B-4CB7-AFBC-288C4223301A}.Release|Any CPU.Build.0 = Release|Any CPU
		{7656AC25-19E3-487A-851B-20E262950C33}.Debug|Any CPU.ActiveCfg = Debug|Any CPU
		{7656AC25-19E3-487A-851B-20E262950C33}.Debug|Any CPU.Build.0 = Debug|Any CPU
		{7656AC25-19E3-487A-851B-20E262950C33}.Release_1.2.3|Any CPU.ActiveCfg = Release|Any CPU
		{7656AC25-19E3-487A-851B-20E262950C33}.Release_1.3.0|Any CPU.ActiveCfg = Release|Any CPU
		{7656AC25-19E3-487A-851B-20E262950C33}.Release|Any CPU.ActiveCfg = Release|Any CPU
		{7656AC25-19E3-487A-851B-20E262950C33}.Release|Any CPU.Build.0 = Release|Any CPU
		{34B696DE-6557-4513-800F-FADEA3195D85}.Debug|Any CPU.ActiveCfg = Debug|Any CPU
		{34B696DE-6557-4513-800F-FADEA3195D85}.Debug|Any CPU.Build.0 = Debug|Any CPU
		{34B696DE-6557-4513-800F-FADEA3195D85}.Release_1.2.3|Any CPU.ActiveCfg = Release|Any CPU
		{34B696DE-6557-4513-800F-FADEA3195D85}.Release_1.3.0|Any CPU.ActiveCfg = Release|Any CPU
		{34B696DE-6557-4513-800F-FADEA3195D85}.Release|Any CPU.ActiveCfg = Release|Any CPU
		{34B696DE-6557-4513-800F-FADEA3195D85}.Release|Any CPU.Build.0 = Release|Any CPU
		{E3FFEDFA-83B3-422A-8A04-1E4A646FB6F0}.Debug|Any CPU.ActiveCfg = Debug|Any CPU
		{E3FFEDFA-83B3-422A-8A04-1E4A646FB6F0}.Debug|Any CPU.Build.0 = Debug|Any CPU
		{E3FFEDFA-83B3-422A-8A04-1E4A646FB6F0}.Release_1.2.3|Any CPU.ActiveCfg = Release|Any CPU
		{E3FFEDFA-83B3-422A-8A04-1E4A646FB6F0}.Release_1.3.0|Any CPU.ActiveCfg = Release|Any CPU
		{E3FFEDFA-83B3-422A-8A04-1E4A646FB6F0}.Release|Any CPU.ActiveCfg = Release|Any CPU
		{E3FFEDFA-83B3-422A-8A04-1E4A646FB6F0}.Release|Any CPU.Build.0 = Release|Any CPU
		{8B5D9A7E-24CE-45DB-A8C0-FBE20C622212}.Debug|Any CPU.ActiveCfg = Debug|Any CPU
		{8B5D9A7E-24CE-45DB-A8C0-FBE20C622212}.Debug|Any CPU.Build.0 = Debug|Any CPU
		{8B5D9A7E-24CE-45DB-A8C0-FBE20C622212}.Release_1.2.3|Any CPU.ActiveCfg = Release|Any CPU
		{8B5D9A7E-24CE-45DB-A8C0-FBE20C622212}.Release_1.3.0|Any CPU.ActiveCfg = Release|Any CPU
		{8B5D9A7E-24CE-45DB-A8C0-FBE20C622212}.Release|Any CPU.ActiveCfg = Release|Any CPU
		{8B5D9A7E-24CE-45DB-A8C0-FBE20C622212}.Release|Any CPU.Build.0 = Release|Any CPU
		{80529EB4-3514-4661-B3F4-1BE7532B0D44}.Debug|Any CPU.ActiveCfg = Debug|Any CPU
		{80529EB4-3514-4661-B3F4-1BE7532B0D44}.Debug|Any CPU.Build.0 = Debug|Any CPU
		{80529EB4-3514-4661-B3F4-1BE7532B0D44}.Release_1.2.3|Any CPU.ActiveCfg = Release|Any CPU
		{80529EB4-3514-4661-B3F4-1BE7532B0D44}.Release_1.3.0|Any CPU.ActiveCfg = Release|Any CPU
		{80529EB4-3514-4661-B3F4-1BE7532B0D44}.Release|Any CPU.ActiveCfg = Release|Any CPU
		{80529EB4-3514-4661-B3F4-1BE7532B0D44}.Release|Any CPU.Build.0 = Release|Any CPU
		{2FD5F2B8-19B5-4778-B4CB-076A270BA7B7}.Debug|Any CPU.ActiveCfg = Debug|Any CPU
		{2FD5F2B8-19B5-4778-B4CB-076A270BA7B7}.Debug|Any CPU.Build.0 = Debug|Any CPU
		{2FD5F2B8-19B5-4778-B4CB-076A270BA7B7}.Release_1.2.3|Any CPU.ActiveCfg = Release_1.2.3|Any CPU
		{2FD5F2B8-19B5-4778-B4CB-076A270BA7B7}.Release_1.2.3|Any CPU.Build.0 = Release_1.2.3|Any CPU
		{2FD5F2B8-19B5-4778-B4CB-076A270BA7B7}.Release_1.3.0|Any CPU.ActiveCfg = Release_1.3.0|Any CPU
		{2FD5F2B8-19B5-4778-B4CB-076A270BA7B7}.Release_1.3.0|Any CPU.Build.0 = Release_1.3.0|Any CPU
		{2FD5F2B8-19B5-4778-B4CB-076A270BA7B7}.Release|Any CPU.ActiveCfg = Release|Any CPU
		{2FD5F2B8-19B5-4778-B4CB-076A270BA7B7}.Release|Any CPU.Build.0 = Release|Any CPU
	EndGlobalSection
	GlobalSection(SolutionProperties) = preSolution
		HideSolutionNode = FALSE
	EndGlobalSection
	GlobalSection(NestedProjects) = preSolution
		{4312C20C-BB60-43B2-925A-BB7AA7948D78} = {72195403-8613-44B0-A456-A68908D1BCBD}
		{A37E5516-730C-40F7-A3CB-7D2CA6A90F5D} = {72195403-8613-44B0-A456-A68908D1BCBD}
		{C7FA2FB0-ACD3-4957-A653-979AFADC3145} = {72195403-8613-44B0-A456-A68908D1BCBD}
		{38CBFE70-F11F-4F16-8E20-9926F8FC5AD3} = {72195403-8613-44B0-A456-A68908D1BCBD}
		{D4FEE35B-EE5C-4533-8E35-C136CF77A1B1} = {72195403-8613-44B0-A456-A68908D1BCBD}
		{CB739D29-8FB4-409D-93A3-1B06B17651ED} = {72195403-8613-44B0-A456-A68908D1BCBD}
		{8B5801D2-8C51-4FB5-AEAD-F7C8477AFD10} = {72195403-8613-44B0-A456-A68908D1BCBD}
		{C2037975-DA8B-4CB7-AFBC-288C4223301A} = {72195403-8613-44B0-A456-A68908D1BCBD}
		{7656AC25-19E3-487A-851B-20E262950C33} = {72195403-8613-44B0-A456-A68908D1BCBD}
		{34B696DE-6557-4513-800F-FADEA3195D85} = {72195403-8613-44B0-A456-A68908D1BCBD}
		{E3FFEDFA-83B3-422A-8A04-1E4A646FB6F0} = {72195403-8613-44B0-A456-A68908D1BCBD}
		{8B5D9A7E-24CE-45DB-A8C0-FBE20C622212} = {72195403-8613-44B0-A456-A68908D1BCBD}
		{80529EB4-3514-4661-B3F4-1BE7532B0D44} = {72195403-8613-44B0-A456-A68908D1BCBD}
	EndGlobalSection
	GlobalSection(ExtensibilityGlobals) = postSolution
		SolutionGuid = {FBD3EB6F-0BDA-4218-8D0C-0756C8AFE605}
	EndGlobalSection
EndGlobal
