
Microsoft Visual Studio Solution File, Format Version 12.00
# Visual Studio 15
VisualStudioVersion = 15.0.27130.2027
MinimumVisualStudioVersion = 10.0.40219.1
Project("{FAE04EC0-301F-11D3-BF4B-00C04F79EFBC}") = "Bolt.Addons.Community", "Bolt.Addons.Community.csproj", "{C7FA2FB0-ACD3-4957-A653-979AFADC3145}"
EndProject
Project("{FAE04EC0-301F-11D3-BF4B-00C04F79EFBC}") = "Bolt.Addons.Community.Editor", "Bolt.Addons.Community.Editor.csproj", "{3CE813EF-2925-41C5-B8BA-D8F2BE90058B}"
EndProject
Project("{2150E333-8FDC-42A3-9474-1A3956D46DE8}") = "Downloader", "Downloader", "{61C7D654-183E-46D1-95F5-727299C021D6}"
EndProject
Global
	GlobalSection(SolutionConfigurationPlatforms) = preSolution
		Debug|Any CPU = Debug|Any CPU
		Release_1.2.3|Any CPU = Release_1.2.3|Any CPU
		Release_1.3.0|Any CPU = Release_1.3.0|Any CPU
		Release|Any CPU = Release|Any CPU
	EndGlobalSection
	GlobalSection(ProjectConfigurationPlatforms) = postSolution
		{C7FA2FB0-ACD3-4957-A653-979AFADC3145}.Debug|Any CPU.ActiveCfg = Debug|Any CPU
		{C7FA2FB0-ACD3-4957-A653-979AFADC3145}.Debug|Any CPU.Build.0 = Debug|Any CPU
		{C7FA2FB0-ACD3-4957-A653-979AFADC3145}.Release_1.2.3|Any CPU.ActiveCfg = Release_1.2.3|Any CPU
		{C7FA2FB0-ACD3-4957-A653-979AFADC3145}.Release_1.2.3|Any CPU.Build.0 = Release_1.2.3|Any CPU
		{C7FA2FB0-ACD3-4957-A653-979AFADC3145}.Release_1.3.0|Any CPU.ActiveCfg = Release_1.3.0|Any CPU
		{C7FA2FB0-ACD3-4957-A653-979AFADC3145}.Release_1.3.0|Any CPU.Build.0 = Release_1.3.0|Any CPU
		{C7FA2FB0-ACD3-4957-A653-979AFADC3145}.Release|Any CPU.ActiveCfg = Release|Any CPU
		{C7FA2FB0-ACD3-4957-A653-979AFADC3145}.Release|Any CPU.Build.0 = Release|Any CPU
		{3CE813EF-2925-41C5-B8BA-D8F2BE90058B}.Debug|Any CPU.ActiveCfg = Debug|Any CPU
		{3CE813EF-2925-41C5-B8BA-D8F2BE90058B}.Debug|Any CPU.Build.0 = Debug|Any CPU
		{3CE813EF-2925-41C5-B8BA-D8F2BE90058B}.Release_1.2.3|Any CPU.ActiveCfg = Release_1.2.3|Any CPU
		{3CE813EF-2925-41C5-B8BA-D8F2BE90058B}.Release_1.2.3|Any CPU.Build.0 = Release_1.2.3|Any CPU
		{3CE813EF-2925-41C5-B8BA-D8F2BE90058B}.Release_1.3.0|Any CPU.ActiveCfg = Release_1.3.0|Any CPU
		{3CE813EF-2925-41C5-B8BA-D8F2BE90058B}.Release_1.3.0|Any CPU.Build.0 = Release_1.3.0|Any CPU
		{3CE813EF-2925-41C5-B8BA-D8F2BE90058B}.Release|Any CPU.ActiveCfg = Release|Any CPU
		{3CE813EF-2925-41C5-B8BA-D8F2BE90058B}.Release|Any CPU.Build.0 = Release|Any CPU
	EndGlobalSection
	GlobalSection(SolutionProperties) = preSolution
		HideSolutionNode = FALSE
	EndGlobalSection
	GlobalSection(ExtensibilityGlobals) = postSolution
		SolutionGuid = {FBD3EB6F-0BDA-4218-8D0C-0756C8AFE605}
	EndGlobalSection
EndGlobal
